
Microsoft Visual Studio Solution File, Format Version 12.00
# Visual Studio 14
VisualStudioVersion = 14.0.25420.1
MinimumVisualStudioVersion = 10.0.40219.1
Project("{FAE04EC0-301F-11D3-BF4B-00C04F79EFBC}") = "meegees_api", "meegees_api\meegees_api.csproj", "{27928677-C873-4AC5-9FC4-AF7B96102DD7}"
EndProject
Project("{FAE04EC0-301F-11D3-BF4B-00C04F79EFBC}") = "application.data", "application.data\application.data.csproj", "{95E6DD2E-8823-4C4E-80A6-723756B3B5EB}"
EndProject
Project("{FAE04EC0-301F-11D3-BF4B-00C04F79EFBC}") = "application.brain", "application.brain\application.brain.csproj", "{FCEDB7B8-B96C-4D99-ACB2-6B1EB6383CF1}"
EndProject
Global
	GlobalSection(SolutionConfigurationPlatforms) = preSolution
		Debug|Any CPU = Debug|Any CPU
		Release|Any CPU = Release|Any CPU
	EndGlobalSection
	GlobalSection(ProjectConfigurationPlatforms) = postSolution
		{27928677-C873-4AC5-9FC4-AF7B96102DD7}.Debug|Any CPU.ActiveCfg = Debug|Any CPU
		{27928677-C873-4AC5-9FC4-AF7B96102DD7}.Debug|Any CPU.Build.0 = Debug|Any CPU
		{27928677-C873-4AC5-9FC4-AF7B96102DD7}.Release|Any CPU.ActiveCfg = Release|Any CPU
		{27928677-C873-4AC5-9FC4-AF7B96102DD7}.Release|Any CPU.Build.0 = Release|Any CPU
		{95E6DD2E-8823-4C4E-80A6-723756B3B5EB}.Debug|Any CPU.ActiveCfg = Debug|Any CPU
		{95E6DD2E-8823-4C4E-80A6-723756B3B5EB}.Debug|Any CPU.Build.0 = Debug|Any CPU
		{95E6DD2E-8823-4C4E-80A6-723756B3B5EB}.Release|Any CPU.ActiveCfg = Release|Any CPU
		{95E6DD2E-8823-4C4E-80A6-723756B3B5EB}.Release|Any CPU.Build.0 = Release|Any CPU
		{FCEDB7B8-B96C-4D99-ACB2-6B1EB6383CF1}.Debug|Any CPU.ActiveCfg = Debug|Any CPU
		{FCEDB7B8-B96C-4D99-ACB2-6B1EB6383CF1}.Debug|Any CPU.Build.0 = Debug|Any CPU
		{FCEDB7B8-B96C-4D99-ACB2-6B1EB6383CF1}.Release|Any CPU.ActiveCfg = Release|Any CPU
		{FCEDB7B8-B96C-4D99-ACB2-6B1EB6383CF1}.Release|Any CPU.Build.0 = Release|Any CPU
	EndGlobalSection
	GlobalSection(SolutionProperties) = preSolution
		HideSolutionNode = FALSE
	EndGlobalSection
EndGlobal
